
Microsoft Visual Studio Solution File, Format Version 12.00
# Visual Studio Version 17
VisualStudioVersion = 17.9.34723.18
MinimumVisualStudioVersion = 10.0.40219.1
Project("{FAE04EC0-301F-11D3-BF4B-00C04F79EFBC}") = "WinForms1", "WinForms1\WinForms1.csproj", "{AA75E495-E329-4D46-8097-A1812AAEAC62}"
EndProject
Global
	GlobalSection(SolutionConfigurationPlatforms) = preSolution
		Debug|Any CPU = Debug|Any CPU
		Release|Any CPU = Release|Any CPU
	EndGlobalSection
	GlobalSection(ProjectConfigurationPlatforms) = postSolution
		{AA75E495-E329-4D46-8097-A1812AAEAC62}.Debug|Any CPU.ActiveCfg = Debug|Any CPU
		{AA75E495-E329-4D46-8097-A1812AAEAC62}.Debug|Any CPU.Build.0 = Debug|Any CPU
		{AA75E495-E329-4D46-8097-A1812AAEAC62}.Release|Any CPU.ActiveCfg = Release|Any CPU
		{AA75E495-E329-4D46-8097-A1812AAEAC62}.Release|Any CPU.Build.0 = Release|Any CPU
	EndGlobalSection
	GlobalSection(SolutionProperties) = preSolution
		HideSolutionNode = FALSE
	EndGlobalSection
	GlobalSection(ExtensibilityGlobals) = postSolution
		SolutionGuid = {07A5A014-F45A-4D63-ADB0-17440AE11F1C}
	EndGlobalSection
EndGlobal
