
Microsoft Visual Studio Solution File, Format Version 12.00
# Visual Studio Version 17
VisualStudioVersion = 17.9.34723.18
MinimumVisualStudioVersion = 10.0.40219.1
Project("{FAE04EC0-301F-11D3-BF4B-00C04F79EFBC}") = "Project", "Project\Project.csproj", "{7C408DCF-53EC-4B37-892A-A1C8D078DDF3}"
EndProject
Global
	GlobalSection(SolutionConfigurationPlatforms) = preSolution
		Debug|Any CPU = Debug|Any CPU
		Release|Any CPU = Release|Any CPU
	EndGlobalSection
	GlobalSection(ProjectConfigurationPlatforms) = postSolution
		{7C408DCF-53EC-4B37-892A-A1C8D078DDF3}.Debug|Any CPU.ActiveCfg = Debug|Any CPU
		{7C408DCF-53EC-4B37-892A-A1C8D078DDF3}.Debug|Any CPU.Build.0 = Debug|Any CPU
		{7C408DCF-53EC-4B37-892A-A1C8D078DDF3}.Release|Any CPU.ActiveCfg = Release|Any CPU
		{7C408DCF-53EC-4B37-892A-A1C8D078DDF3}.Release|Any CPU.Build.0 = Release|Any CPU
	EndGlobalSection
	GlobalSection(SolutionProperties) = preSolution
		HideSolutionNode = FALSE
	EndGlobalSection
	GlobalSection(ExtensibilityGlobals) = postSolution
		SolutionGuid = {BC2F6613-11FF-41AE-8C4E-C133594D0E59}
	EndGlobalSection
EndGlobal
