
Microsoft Visual Studio Solution File, Format Version 12.00
# Visual Studio Version 17
VisualStudioVersion = 17.9.34723.18
MinimumVisualStudioVersion = 10.0.40219.1
Project("{FAE04EC0-301F-11D3-BF4B-00C04F79EFBC}") = "ICompareable and IClonable", "ICompareable and IClonable\ICompareable and IClonable.csproj", "{A8EEE9AE-3AE0-445D-8517-6D7FF3D4E978}"
EndProject
Global
	GlobalSection(SolutionConfigurationPlatforms) = preSolution
		Debug|Any CPU = Debug|Any CPU
		Release|Any CPU = Release|Any CPU
	EndGlobalSection
	GlobalSection(ProjectConfigurationPlatforms) = postSolution
		{A8EEE9AE-3AE0-445D-8517-6D7FF3D4E978}.Debug|Any CPU.ActiveCfg = Debug|Any CPU
		{A8EEE9AE-3AE0-445D-8517-6D7FF3D4E978}.Debug|Any CPU.Build.0 = Debug|Any CPU
		{A8EEE9AE-3AE0-445D-8517-6D7FF3D4E978}.Release|Any CPU.ActiveCfg = Release|Any CPU
		{A8EEE9AE-3AE0-445D-8517-6D7FF3D4E978}.Release|Any CPU.Build.0 = Release|Any CPU
	EndGlobalSection
	GlobalSection(SolutionProperties) = preSolution
		HideSolutionNode = FALSE
	EndGlobalSection
	GlobalSection(ExtensibilityGlobals) = postSolution
		SolutionGuid = {D4DD71F6-0717-421E-9F43-A3ABB1B9FCD3}
	EndGlobalSection
EndGlobal
