
Microsoft Visual Studio Solution File, Format Version 12.00
# Visual Studio Version 17
VisualStudioVersion = 17.9.34723.18
MinimumVisualStudioVersion = 10.0.40219.1
Project("{FAE04EC0-301F-11D3-BF4B-00C04F79EFBC}") = "Exeptions", "Exeptions\Exeptions.csproj", "{C6A37533-9E6A-41DE-98C6-49CD1E0A7512}"
EndProject
Global
	GlobalSection(SolutionConfigurationPlatforms) = preSolution
		Debug|Any CPU = Debug|Any CPU
		Release|Any CPU = Release|Any CPU
	EndGlobalSection
	GlobalSection(ProjectConfigurationPlatforms) = postSolution
		{C6A37533-9E6A-41DE-98C6-49CD1E0A7512}.Debug|Any CPU.ActiveCfg = Debug|Any CPU
		{C6A37533-9E6A-41DE-98C6-49CD1E0A7512}.Debug|Any CPU.Build.0 = Debug|Any CPU
		{C6A37533-9E6A-41DE-98C6-49CD1E0A7512}.Release|Any CPU.ActiveCfg = Release|Any CPU
		{C6A37533-9E6A-41DE-98C6-49CD1E0A7512}.Release|Any CPU.Build.0 = Release|Any CPU
	EndGlobalSection
	GlobalSection(SolutionProperties) = preSolution
		HideSolutionNode = FALSE
	EndGlobalSection
	GlobalSection(ExtensibilityGlobals) = postSolution
		SolutionGuid = {35B70667-0761-4650-906C-CBF77424B2BD}
	EndGlobalSection
EndGlobal
