
Microsoft Visual Studio Solution File, Format Version 12.00
# Visual Studio Version 17
VisualStudioVersion = 17.10.34916.146
MinimumVisualStudioVersion = 10.0.40219.1
Project("{FAE04EC0-301F-11D3-BF4B-00C04F79EFBC}") = "LocalChat", "LocalChat\LocalChat.csproj", "{DE4CFA2F-88C6-4C4F-ACE3-7EA4F4A016F7}"
EndProject
Global
	GlobalSection(SolutionConfigurationPlatforms) = preSolution
		Debug|Any CPU = Debug|Any CPU
		Release|Any CPU = Release|Any CPU
	EndGlobalSection
	GlobalSection(ProjectConfigurationPlatforms) = postSolution
		{DE4CFA2F-88C6-4C4F-ACE3-7EA4F4A016F7}.Debug|Any CPU.ActiveCfg = Debug|Any CPU
		{DE4CFA2F-88C6-4C4F-ACE3-7EA4F4A016F7}.Debug|Any CPU.Build.0 = Debug|Any CPU
		{DE4CFA2F-88C6-4C4F-ACE3-7EA4F4A016F7}.Release|Any CPU.ActiveCfg = Release|Any CPU
		{DE4CFA2F-88C6-4C4F-ACE3-7EA4F4A016F7}.Release|Any CPU.Build.0 = Release|Any CPU
	EndGlobalSection
	GlobalSection(SolutionProperties) = preSolution
		HideSolutionNode = FALSE
	EndGlobalSection
	GlobalSection(ExtensibilityGlobals) = postSolution
		SolutionGuid = {657B5827-A96C-49C2-ADD3-2D6AF993FAF0}
	EndGlobalSection
EndGlobal
