
Microsoft Visual Studio Solution File, Format Version 12.00
# Visual Studio Version 17
VisualStudioVersion = 17.8.34408.163
MinimumVisualStudioVersion = 10.0.40219.1
Project("{FAE04EC0-301F-11D3-BF4B-00C04F79EFBC}") = "HV2", "HV2.csproj", "{8CA4096A-4370-4DFB-8152-F5BA1618EBCF}"
EndProject
Global
	GlobalSection(SolutionConfigurationPlatforms) = preSolution
		Debug|Any CPU = Debug|Any CPU
		Release|Any CPU = Release|Any CPU
	EndGlobalSection
	GlobalSection(ProjectConfigurationPlatforms) = postSolution
		{8CA4096A-4370-4DFB-8152-F5BA1618EBCF}.Debug|Any CPU.ActiveCfg = Debug|Any CPU
		{8CA4096A-4370-4DFB-8152-F5BA1618EBCF}.Debug|Any CPU.Build.0 = Debug|Any CPU
		{8CA4096A-4370-4DFB-8152-F5BA1618EBCF}.Release|Any CPU.ActiveCfg = Release|Any CPU
		{8CA4096A-4370-4DFB-8152-F5BA1618EBCF}.Release|Any CPU.Build.0 = Release|Any CPU
	EndGlobalSection
	GlobalSection(SolutionProperties) = preSolution
		HideSolutionNode = FALSE
	EndGlobalSection
	GlobalSection(ExtensibilityGlobals) = postSolution
		SolutionGuid = {15FA6F49-239C-4761-9021-45B43D6B0A6F}
	EndGlobalSection
EndGlobal
